// !$*UTF8*$!
{
	archiveVersion = 1;
	classes = {
	};
	objectVersion = 46;
	objects = {

/* Begin PBXBuildFile section */
		F3298BD2195FB49300367C34 /* AppDelegate.swift in Sources */ = {isa = PBXBuildFile; fileRef = F3298BD1195FB49300367C34 /* AppDelegate.swift */; };
		F3298BD4195FB49300367C34 /* Images.xcassets in Resources */ = {isa = PBXBuildFile; fileRef = F3298BD3195FB49300367C34 /* Images.xcassets */; };
		F3298BE0195FB49300367C34 /* TennisKataTests.swift in Sources */ = {isa = PBXBuildFile; fileRef = F3298BDF195FB49300367C34 /* TennisKataTests.swift */; };
/* End PBXBuildFile section */

/* Begin PBXContainerItemProxy section */
		F3298BDA195FB49300367C34 /* PBXContainerItemProxy */ = {
			isa = PBXContainerItemProxy;
			containerPortal = F3298BC4195FB49300367C34 /* Project object */;
			proxyType = 1;
			remoteGlobalIDString = F3298BCB195FB49300367C34;
			remoteInfo = TennisKata;
		};
/* End PBXContainerItemProxy section */

/* Begin PBXFileReference section */
		F3298BCC195FB49300367C34 /* TennisKata.app */ = {isa = PBXFileReference; explicitFileType = wrapper.application; includeInIndex = 0; path = TennisKata.app; sourceTree = BUILT_PRODUCTS_DIR; };
		F3298BD0195FB49300367C34 /* Info.plist */ = {isa = PBXFileReference; lastKnownFileType = text.plist.xml; path = Info.plist; sourceTree = "<group>"; };
		F3298BD1195FB49300367C34 /* AppDelegate.swift */ = {isa = PBXFileReference; lastKnownFileType = sourcecode.swift; path = AppDelegate.swift; sourceTree = "<group>"; };
		F3298BD3195FB49300367C34 /* Images.xcassets */ = {isa = PBXFileReference; lastKnownFileType = folder.assetcatalog; path = Images.xcassets; sourceTree = "<group>"; };
		F3298BD9195FB49300367C34 /* TennisKataTests.xctest */ = {isa = PBXFileReference; explicitFileType = wrapper.cfbundle; includeInIndex = 0; path = TennisKataTests.xctest; sourceTree = BUILT_PRODUCTS_DIR; };
		F3298BDE195FB49300367C34 /* Info.plist */ = {isa = PBXFileReference; lastKnownFileType = text.plist.xml; path = Info.plist; sourceTree = "<group>"; };
		F3298BDF195FB49300367C34 /* TennisKataTests.swift */ = {isa = PBXFileReference; lastKnownFileType = sourcecode.swift; path = TennisKataTests.swift; sourceTree = "<group>"; };
/* End PBXFileReference section */

/* Begin PBXFrameworksBuildPhase section */
		F3298BC9195FB49300367C34 /* Frameworks */ = {
			isa = PBXFrameworksBuildPhase;
			buildActionMask = 2147483647;
			files = (
			);
			runOnlyForDeploymentPostprocessing = 0;
		};
		F3298BD6195FB49300367C34 /* Frameworks */ = {
			isa = PBXFrameworksBuildPhase;
			buildActionMask = 2147483647;
			files = (
			);
			runOnlyForDeploymentPostprocessing = 0;
		};
/* End PBXFrameworksBuildPhase section */

/* Begin PBXGroup section */
		F3298BC3195FB49300367C34 = {
			isa = PBXGroup;
			children = (
				F3298BCE195FB49300367C34 /* TennisKata */,
				F3298BDC195FB49300367C34 /* TennisKataTests */,
				F3298BCD195FB49300367C34 /* Products */,
			);
			sourceTree = "<group>";
		};
		F3298BCD195FB49300367C34 /* Products */ = {
			isa = PBXGroup;
			children = (
				F3298BCC195FB49300367C34 /* TennisKata.app */,
				F3298BD9195FB49300367C34 /* TennisKataTests.xctest */,
			);
			name = Products;
			sourceTree = "<group>";
		};
		F3298BCE195FB49300367C34 /* TennisKata */ = {
			isa = PBXGroup;
			children = (
				F3298BD1195FB49300367C34 /* AppDelegate.swift */,
				F3298BD3195FB49300367C34 /* Images.xcassets */,
				F3298BCF195FB49300367C34 /* Supporting Files */,
			);
			path = TennisKata;
			sourceTree = "<group>";
		};
		F3298BCF195FB49300367C34 /* Supporting Files */ = {
			isa = PBXGroup;
			children = (
				F3298BD0195FB49300367C34 /* Info.plist */,
			);
			name = "Supporting Files";
			sourceTree = "<group>";
		};
		F3298BDC195FB49300367C34 /* TennisKataTests */ = {
			isa = PBXGroup;
			children = (
				F3298BDF195FB49300367C34 /* TennisKataTests.swift */,
				F3298BDD195FB49300367C34 /* Supporting Files */,
			);
			path = TennisKataTests;
			sourceTree = "<group>";
		};
		F3298BDD195FB49300367C34 /* Supporting Files */ = {
			isa = PBXGroup;
			children = (
				F3298BDE195FB49300367C34 /* Info.plist */,
			);
			name = "Supporting Files";
			sourceTree = "<group>";
		};
/* End PBXGroup section */

/* Begin PBXNativeTarget section */
		F3298BCB195FB49300367C34 /* TennisKata */ = {
			isa = PBXNativeTarget;
			buildConfigurationList = F3298BE3195FB49300367C34 /* Build configuration list for PBXNativeTarget "TennisKata" */;
			buildPhases = (
				F3298BC8195FB49300367C34 /* Sources */,
				F3298BC9195FB49300367C34 /* Frameworks */,
				F3298BCA195FB49300367C34 /* Resources */,
			);
			buildRules = (
			);
			dependencies = (
			);
			name = TennisKata;
			productName = TennisKata;
			productReference = F3298BCC195FB49300367C34 /* TennisKata.app */;
			productType = "com.apple.product-type.application";
		};
		F3298BD8195FB49300367C34 /* TennisKataTests */ = {
			isa = PBXNativeTarget;
			buildConfigurationList = F3298BE6195FB49300367C34 /* Build configuration list for PBXNativeTarget "TennisKataTests" */;
			buildPhases = (
				F3298BD5195FB49300367C34 /* Sources */,
				F3298BD6195FB49300367C34 /* Frameworks */,
				F3298BD7195FB49300367C34 /* Resources */,
			);
			buildRules = (
			);
			dependencies = (
				F3298BDB195FB49300367C34 /* PBXTargetDependency */,
			);
			name = TennisKataTests;
			productName = TennisKataTests;
			productReference = F3298BD9195FB49300367C34 /* TennisKataTests.xctest */;
			productType = "com.apple.product-type.bundle.unit-test";
		};
/* End PBXNativeTarget section */

/* Begin PBXProject section */
		F3298BC4195FB49300367C34 /* Project object */ = {
			isa = PBXProject;
			attributes = {
				LastUpgradeCheck = 0600;
				ORGANIZATIONNAME = "Ealden Escañan";
				TargetAttributes = {
					F3298BCB195FB49300367C34 = {
						CreatedOnToolsVersion = 6.0;
					};
					F3298BD8195FB49300367C34 = {
						CreatedOnToolsVersion = 6.0;
						TestTargetID = F3298BCB195FB49300367C34;
					};
				};
			};
			buildConfigurationList = F3298BC7195FB49300367C34 /* Build configuration list for PBXProject "TennisKata" */;
			compatibilityVersion = "Xcode 3.2";
			developmentRegion = English;
			hasScannedForEncodings = 0;
			knownRegions = (
				en,
			);
			mainGroup = F3298BC3195FB49300367C34;
			productRefGroup = F3298BCD195FB49300367C34 /* Products */;
			projectDirPath = "";
			projectRoot = "";
			targets = (
				F3298BCB195FB49300367C34 /* TennisKata */,
				F3298BD8195FB49300367C34 /* TennisKataTests */,
			);
		};
/* End PBXProject section */

/* Begin PBXResourcesBuildPhase section */
		F3298BCA195FB49300367C34 /* Resources */ = {
			isa = PBXResourcesBuildPhase;
			buildActionMask = 2147483647;
			files = (
				F3298BD4195FB49300367C34 /* Images.xcassets in Resources */,
			);
			runOnlyForDeploymentPostprocessing = 0;
		};
		F3298BD7195FB49300367C34 /* Resources */ = {
			isa = PBXResourcesBuildPhase;
			buildActionMask = 2147483647;
			files = (
			);
			runOnlyForDeploymentPostprocessing = 0;
		};
/* End PBXResourcesBuildPhase section */

/* Begin PBXSourcesBuildPhase section */
		F3298BC8195FB49300367C34 /* Sources */ = {
			isa = PBXSourcesBuildPhase;
			buildActionMask = 2147483647;
			files = (
				F3298BD2195FB49300367C34 /* AppDelegate.swift in Sources */,
			);
			runOnlyForDeploymentPostprocessing = 0;
		};
		F3298BD5195FB49300367C34 /* Sources */ = {
			isa = PBXSourcesBuildPhase;
			buildActionMask = 2147483647;
			files = (
				F3298BE0195FB49300367C34 /* TennisKataTests.swift in Sources */,
			);
			runOnlyForDeploymentPostprocessing = 0;
		};
/* End PBXSourcesBuildPhase section */

/* Begin PBXTargetDependency section */
		F3298BDB195FB49300367C34 /* PBXTargetDependency */ = {
			isa = PBXTargetDependency;
			target = F3298BCB195FB49300367C34 /* TennisKata */;
			targetProxy = F3298BDA195FB49300367C34 /* PBXContainerItemProxy */;
		};
/* End PBXTargetDependency section */

/* Begin XCBuildConfiguration section */
		F3298BE1195FB49300367C34 /* Debug */ = {
			isa = XCBuildConfiguration;
			buildSettings = {
				ALWAYS_SEARCH_USER_PATHS = NO;
				CLANG_CXX_LANGUAGE_STANDARD = "gnu++0x";
				CLANG_CXX_LIBRARY = "libc++";
				CLANG_ENABLE_MODULES = YES;
				CLANG_ENABLE_OBJC_ARC = YES;
				CLANG_WARN_BOOL_CONVERSION = YES;
				CLANG_WARN_CONSTANT_CONVERSION = YES;
				CLANG_WARN_DIRECT_OBJC_ISA_USAGE = YES_ERROR;
				CLANG_WARN_EMPTY_BODY = YES;
				CLANG_WARN_ENUM_CONVERSION = YES;
				CLANG_WARN_INT_CONVERSION = YES;
				CLANG_WARN_OBJC_ROOT_CLASS = YES_ERROR;
				CLANG_WARN_UNREACHABLE_CODE = YES;
				CLANG_WARN__DUPLICATE_METHOD_MATCH = YES;
				"CODE_SIGN_IDENTITY[sdk=iphoneos*]" = "iPhone Developer";
				COPY_PHASE_STRIP = NO;
				ENABLE_STRICT_OBJC_MSGSEND = YES;
				GCC_C_LANGUAGE_STANDARD = gnu99;
				GCC_DYNAMIC_NO_PIC = NO;
				GCC_OPTIMIZATION_LEVEL = 0;
				GCC_PREPROCESSOR_DEFINITIONS = (
					"DEBUG=1",
					"$(inherited)",
				);
				GCC_SYMBOLS_PRIVATE_EXTERN = NO;
				GCC_WARN_64_TO_32_BIT_CONVERSION = YES;
				GCC_WARN_ABOUT_RETURN_TYPE = YES_ERROR;
				GCC_WARN_UNDECLARED_SELECTOR = YES;
				GCC_WARN_UNINITIALIZED_AUTOS = YES_AGGRESSIVE;
				GCC_WARN_UNUSED_FUNCTION = YES;
				GCC_WARN_UNUSED_VARIABLE = YES;
				IPHONEOS_DEPLOYMENT_TARGET = 8.0;
				METAL_ENABLE_DEBUG_INFO = YES;
				ONLY_ACTIVE_ARCH = YES;
				SDKROOT = iphoneos;
				SWIFT_OPTIMIZATION_LEVEL = "-Onone";
			};
			name = Debug;
		};
		F3298BE2195FB49300367C34 /* Release */ = {
			isa = XCBuildConfiguration;
			buildSettings = {
				ALWAYS_SEARCH_USER_PATHS = NO;
				CLANG_CXX_LANGUAGE_STANDARD = "gnu++0x";
				CLANG_CXX_LIBRARY = "libc++";
				CLANG_ENABLE_MODULES = YES;
				CLANG_ENABLE_OBJC_ARC = YES;
				CLANG_WARN_BOOL_CONVERSION = YES;
				CLANG_WARN_CONSTANT_CONVERSION = YES;
				CLANG_WARN_DIRECT_OBJC_ISA_USAGE = YES_ERROR;
				CLANG_WARN_EMPTY_BODY = YES;
				CLANG_WARN_ENUM_CONVERSION = YES;
				CLANG_WARN_INT_CONVERSION = YES;
				CLANG_WARN_OBJC_ROOT_CLASS = YES_ERROR;
				CLANG_WARN_UNREACHABLE_CODE = YES;
				CLANG_WARN__DUPLICATE_METHOD_MATCH = YES;
				"CODE_SIGN_IDENTITY[sdk=iphoneos*]" = "iPhone Developer";
				COPY_PHASE_STRIP = YES;
				ENABLE_NS_ASSERTIONS = NO;
				ENABLE_STRICT_OBJC_MSGSEND = YES;
				GCC_C_LANGUAGE_STANDARD = gnu99;
				GCC_WARN_64_TO_32_BIT_CONVERSION = YES;
				GCC_WARN_ABOUT_RETURN_TYPE = YES_ERROR;
				GCC_WARN_UNDECLARED_SELECTOR = YES;
				GCC_WARN_UNINITIALIZED_AUTOS = YES_AGGRESSIVE;
				GCC_WARN_UNUSED_FUNCTION = YES;
				GCC_WARN_UNUSED_VARIABLE = YES;
				IPHONEOS_DEPLOYMENT_TARGET = 8.0;
				METAL_ENABLE_DEBUG_INFO = NO;
				SDKROOT = iphoneos;
				VALIDATE_PRODUCT = YES;
			};
			name = Release;
		};
		F3298BE4195FB49300367C34 /* Debug */ = {
			isa = XCBuildConfiguration;
			buildSettings = {
				ASSETCATALOG_COMPILER_APPICON_NAME = AppIcon;
				ASSETCATALOG_COMPILER_LAUNCHIMAGE_NAME = LaunchImage;
				INFOPLIST_FILE = TennisKata/Info.plist;
				LD_RUNPATH_SEARCH_PATHS = "$(inherited) @executable_path/Frameworks";
				PRODUCT_NAME = "$(TARGET_NAME)";
			};
			name = Debug;
		};
		F3298BE5195FB49300367C34 /* Release */ = {
			isa = XCBuildConfiguration;
			buildSettings = {
				ASSETCATALOG_COMPILER_APPICON_NAME = AppIcon;
				ASSETCATALOG_COMPILER_LAUNCHIMAGE_NAME = LaunchImage;
				INFOPLIST_FILE = TennisKata/Info.plist;
				LD_RUNPATH_SEARCH_PATHS = "$(inherited) @executable_path/Frameworks";
				PRODUCT_NAME = "$(TARGET_NAME)";
			};
			name = Release;
		};
		F3298BE7195FB49300367C34 /* Debug */ = {
			isa = XCBuildConfiguration;
			buildSettings = {
				BUNDLE_LOADER = "$(BUILT_PRODUCTS_DIR)/TennisKata.app/TennisKata";
				FRAMEWORK_SEARCH_PATHS = (
					"$(SDKROOT)/Developer/Library/Frameworks",
					"$(inherited)",
				);
				GCC_PREPROCESSOR_DEFINITIONS = (
					"DEBUG=1",
					"$(inherited)",
				);
				INFOPLIST_FILE = TennisKataTests/Info.plist;
				LD_RUNPATH_SEARCH_PATHS = "$(inherited) @executable_path/Frameworks @loader_path/Frameworks";
				METAL_ENABLE_DEBUG_INFO = YES;
				PRODUCT_NAME = "$(TARGET_NAME)";
				TEST_HOST = "$(BUNDLE_LOADER)";
			};
			name = Debug;
		};
		F3298BE8195FB49300367C34 /* Release */ = {
			isa = XCBuildConfiguration;
			buildSettings = {
				BUNDLE_LOADER = "$(BUILT_PRODUCTS_DIR)/TennisKata.app/TennisKata";
				FRAMEWORK_SEARCH_PATHS = (
					"$(SDKROOT)/Developer/Library/Frameworks",
					"$(inherited)",
				);
				INFOPLIST_FILE = TennisKataTests/Info.plist;
				LD_RUNPATH_SEARCH_PATHS = "$(inherited) @executable_path/Frameworks @loader_path/Frameworks";
				METAL_ENABLE_DEBUG_INFO = NO;
				PRODUCT_NAME = "$(TARGET_NAME)";
				TEST_HOST = "$(BUNDLE_LOADER)";
			};
			name = Release;
		};
/* End XCBuildConfiguration section */

/* Begin XCConfigurationList section */
		F3298BC7195FB49300367C34 /* Build configuration list for PBXProject "TennisKata" */ = {
			isa = XCConfigurationList;
			buildConfigurations = (
				F3298BE1195FB49300367C34 /* Debug */,
				F3298BE2195FB49300367C34 /* Release */,
			);
			defaultConfigurationIsVisible = 0;
			defaultConfigurationName = Release;
		};
		F3298BE3195FB49300367C34 /* Build configuration list for PBXNativeTarget "TennisKata" */ = {
			isa = XCConfigurationList;
			buildConfigurations = (
				F3298BE4195FB49300367C34 /* Debug */,
				F3298BE5195FB49300367C34 /* Release */,
			);
			defaultConfigurationIsVisible = 0;
		};
		F3298BE6195FB49300367C34 /* Build configuration list for PBXNativeTarget "TennisKataTests" */ = {
			isa = XCConfigurationList;
			buildConfigurations = (
				F3298BE7195FB49300367C34 /* Debug */,
				F3298BE8195FB49300367C34 /* Release */,
			);
			defaultConfigurationIsVisible = 0;
		};
/* End XCConfigurationList section */
	};
	rootObject = F3298BC4195FB49300367C34 /* Project object */;
}
